// !$*UTF8*$!
{
	archiveVersion = 1;
	classes = {
	};
	objectVersion = 51;
	objects = {

/* Begin PBXBuildFile section */
		2C0F1480252CAAAB006A5052 /* SigninViewController.swift in Sources */ = {isa = PBXBuildFile; fileRef = 2C0F147F252CAAAB006A5052 /* SigninViewController.swift */; };
		2C1658F9252AB8BE0001D462 /* AppUser.swift in Sources */ = {isa = PBXBuildFile; fileRef = 2C1658F8252AB8BE0001D462 /* AppUser.swift */; };
		2C23585C25264BA400EE09B7 /* ControllViewController.swift in Sources */ = {isa = PBXBuildFile; fileRef = 2C23585B25264BA400EE09B7 /* ControllViewController.swift */; };
		2C24323F252A07990096A437 /* Assets.xcassets in Resources */ = {isa = PBXBuildFile; fileRef = 2C24323E252A07990096A437 /* Assets.xcassets */; };
		2C362FA125288BED00D6C09E /* ContainerViewController.swift in Sources */ = {isa = PBXBuildFile; fileRef = 2C362FA025288BED00D6C09E /* ContainerViewController.swift */; };
		2C47EA442526235B006A92C8 /* AppDelegate.swift in Sources */ = {isa = PBXBuildFile; fileRef = 2C47EA432526235B006A92C8 /* AppDelegate.swift */; };
		2C47EA462526235B006A92C8 /* SceneDelegate.swift in Sources */ = {isa = PBXBuildFile; fileRef = 2C47EA452526235B006A92C8 /* SceneDelegate.swift */; };
		2C47EA482526235B006A92C8 /* ViewController.swift in Sources */ = {isa = PBXBuildFile; fileRef = 2C47EA472526235B006A92C8 /* ViewController.swift */; };
		2C47EA4B2526235B006A92C8 /* Main.storyboard in Resources */ = {isa = PBXBuildFile; fileRef = 2C47EA492526235B006A92C8 /* Main.storyboard */; };
		2C47EA502526235C006A92C8 /* LaunchScreen.storyboard in Resources */ = {isa = PBXBuildFile; fileRef = 2C47EA4E2526235C006A92C8 /* LaunchScreen.storyboard */; };
		2C47EA592526259D006A92C8 /* GoogleService-Info.plist in Resources */ = {isa = PBXBuildFile; fileRef = 2C47EA582526259D006A92C8 /* GoogleService-Info.plist */; };
		2C47EA712526308E006A92C8 /* ChatViewController.swift in Sources */ = {isa = PBXBuildFile; fileRef = 2C47EA702526308E006A92C8 /* ChatViewController.swift */; };
		2C47EA79252630DB006A92C8 /* ChatTableViewCell.swift in Sources */ = {isa = PBXBuildFile; fileRef = 2C47EA77252630DB006A92C8 /* ChatTableViewCell.swift */; };
		2C47EA7A252630DB006A92C8 /* ChatTableViewCell.xib in Resources */ = {isa = PBXBuildFile; fileRef = 2C47EA78252630DB006A92C8 /* ChatTableViewCell.xib */; };
		2C47EA7F2526310D006A92C8 /* PostMessageViewController.swift in Sources */ = {isa = PBXBuildFile; fileRef = 2C47EA7E2526310D006A92C8 /* PostMessageViewController.swift */; };
		2C47EA8225263128006A92C8 /* Post.swift in Sources */ = {isa = PBXBuildFile; fileRef = 2C47EA8125263128006A92C8 /* Post.swift */; };
		2CB7FBCF252B01E40049AF75 /* ReportViewController.swift in Sources */ = {isa = PBXBuildFile; fileRef = 2CB7FBCE252B01E40049AF75 /* ReportViewController.swift */; };
		2CD4F3372532052A00D886B2 /* TermsOfServiceViewController.swift in Sources */ = {isa = PBXBuildFile; fileRef = 2CD4F3362532052A00D886B2 /* TermsOfServiceViewController.swift */; };
		84B730F0A95760930E0CD21C /* Pods_Yarakasi.framework in Frameworks */ = {isa = PBXBuildFile; fileRef = 3D0E5B09E6E2694616F4A9B3 /* Pods_Yarakasi.framework */; };
/* End PBXBuildFile section */

/* Begin PBXFileReference section */
		2C0F147F252CAAAB006A5052 /* SigninViewController.swift */ = {isa = PBXFileReference; lastKnownFileType = sourcecode.swift; path = SigninViewController.swift; sourceTree = "<group>"; };
		2C1658F8252AB8BE0001D462 /* AppUser.swift */ = {isa = PBXFileReference; lastKnownFileType = sourcecode.swift; path = AppUser.swift; sourceTree = "<group>"; };
		2C23585B25264BA400EE09B7 /* ControllViewController.swift */ = {isa = PBXFileReference; lastKnownFileType = sourcecode.swift; path = ControllViewController.swift; sourceTree = "<group>"; };
		2C24323E252A07990096A437 /* Assets.xcassets */ = {isa = PBXFileReference; lastKnownFileType = folder.assetcatalog; path = Assets.xcassets; sourceTree = "<group>"; };
		2C362FA025288BED00D6C09E /* ContainerViewController.swift */ = {isa = PBXFileReference; lastKnownFileType = sourcecode.swift; path = ContainerViewController.swift; sourceTree = "<group>"; };
		2C47EA402526235B006A92C8 /* Yarakasi.app */ = {isa = PBXFileReference; explicitFileType = wrapper.application; includeInIndex = 0; path = Yarakasi.app; sourceTree = BUILT_PRODUCTS_DIR; };
		2C47EA432526235B006A92C8 /* AppDelegate.swift */ = {isa = PBXFileReference; lastKnownFileType = sourcecode.swift; path = AppDelegate.swift; sourceTree = "<group>"; };
		2C47EA452526235B006A92C8 /* SceneDelegate.swift */ = {isa = PBXFileReference; lastKnownFileType = sourcecode.swift; path = SceneDelegate.swift; sourceTree = "<group>"; };
		2C47EA472526235B006A92C8 /* ViewController.swift */ = {isa = PBXFileReference; lastKnownFileType = sourcecode.swift; path = ViewController.swift; sourceTree = "<group>"; };
		2C47EA4A2526235B006A92C8 /* Base */ = {isa = PBXFileReference; lastKnownFileType = file.storyboard; name = Base; path = Base.lproj/Main.storyboard; sourceTree = "<group>"; };
		2C47EA4F2526235C006A92C8 /* Base */ = {isa = PBXFileReference; lastKnownFileType = file.storyboard; name = Base; path = Base.lproj/LaunchScreen.storyboard; sourceTree = "<group>"; };
		2C47EA512526235C006A92C8 /* Info.plist */ = {isa = PBXFileReference; lastKnownFileType = text.plist.xml; path = Info.plist; sourceTree = "<group>"; };
		2C47EA582526259D006A92C8 /* GoogleService-Info.plist */ = {isa = PBXFileReference; fileEncoding = 4; lastKnownFileType = text.plist.xml; path = "GoogleService-Info.plist"; sourceTree = "<group>"; };
		2C47EA702526308E006A92C8 /* ChatViewController.swift */ = {isa = PBXFileReference; lastKnownFileType = sourcecode.swift; path = ChatViewController.swift; sourceTree = "<group>"; };
		2C47EA77252630DB006A92C8 /* ChatTableViewCell.swift */ = {isa = PBXFileReference; lastKnownFileType = sourcecode.swift; path = ChatTableViewCell.swift; sourceTree = "<group>"; };
		2C47EA78252630DB006A92C8 /* ChatTableViewCell.xib */ = {isa = PBXFileReference; lastKnownFileType = file.xib; path = ChatTableViewCell.xib; sourceTree = "<group>"; };
		2C47EA7E2526310D006A92C8 /* PostMessageViewController.swift */ = {isa = PBXFileReference; lastKnownFileType = sourcecode.swift; path = PostMessageViewController.swift; sourceTree = "<group>"; };
		2C47EA8125263128006A92C8 /* Post.swift */ = {isa = PBXFileReference; lastKnownFileType = sourcecode.swift; path = Post.swift; sourceTree = "<group>"; };
		2CB7FBCE252B01E40049AF75 /* ReportViewController.swift */ = {isa = PBXFileReference; lastKnownFileType = sourcecode.swift; path = ReportViewController.swift; sourceTree = "<group>"; };
		2CD4F3362532052A00D886B2 /* TermsOfServiceViewController.swift */ = {isa = PBXFileReference; lastKnownFileType = sourcecode.swift; path = TermsOfServiceViewController.swift; sourceTree = "<group>"; };
		3D0E5B09E6E2694616F4A9B3 /* Pods_Yarakasi.framework */ = {isa = PBXFileReference; explicitFileType = wrapper.framework; includeInIndex = 0; path = Pods_Yarakasi.framework; sourceTree = BUILT_PRODUCTS_DIR; };
		FAD3C2C46AB269423D51C0D6 /* Pods-Yarakasi.debug.xcconfig */ = {isa = PBXFileReference; includeInIndex = 1; lastKnownFileType = text.xcconfig; name = "Pods-Yarakasi.debug.xcconfig"; path = "Target Support Files/Pods-Yarakasi/Pods-Yarakasi.debug.xcconfig"; sourceTree = "<group>"; };
		FF84EB096FFACEE89904DAE7 /* Pods-Yarakasi.release.xcconfig */ = {isa = PBXFileReference; includeInIndex = 1; lastKnownFileType = text.xcconfig; name = "Pods-Yarakasi.release.xcconfig"; path = "Target Support Files/Pods-Yarakasi/Pods-Yarakasi.release.xcconfig"; sourceTree = "<group>"; };
/* End PBXFileReference section */

/* Begin PBXFrameworksBuildPhase section */
		2C47EA3D2526235B006A92C8 /* Frameworks */ = {
			isa = PBXFrameworksBuildPhase;
			buildActionMask = 2147483647;
			files = (
				84B730F0A95760930E0CD21C /* Pods_Yarakasi.framework in Frameworks */,
			);
			runOnlyForDeploymentPostprocessing = 0;
		};
/* End PBXFrameworksBuildPhase section */

/* Begin PBXGroup section */
		23B2D8FFFA5CEC64235885E4 /* Frameworks */ = {
			isa = PBXGroup;
			children = (
				3D0E5B09E6E2694616F4A9B3 /* Pods_Yarakasi.framework */,
			);
			name = Frameworks;
			sourceTree = "<group>";
		};
		2C47EA372526235B006A92C8 = {
			isa = PBXGroup;
			children = (
				2C47EA422526235B006A92C8 /* Yarakasi */,
				2C47EA412526235B006A92C8 /* Products */,
				CEEBE70EF8E21FEA7EF59B18 /* Pods */,
				23B2D8FFFA5CEC64235885E4 /* Frameworks */,
			);
			sourceTree = "<group>";
		};
		2C47EA412526235B006A92C8 /* Products */ = {
			isa = PBXGroup;
			children = (
				2C47EA402526235B006A92C8 /* Yarakasi.app */,
			);
			name = Products;
			sourceTree = "<group>";
		};
		2C47EA422526235B006A92C8 /* Yarakasi */ = {
			isa = PBXGroup;
			children = (
				2C47EA432526235B006A92C8 /* AppDelegate.swift */,
				2C47EA452526235B006A92C8 /* SceneDelegate.swift */,
				2C47EA472526235B006A92C8 /* ViewController.swift */,
				2C362FA025288BED00D6C09E /* ContainerViewController.swift */,
				2C47EA702526308E006A92C8 /* ChatViewController.swift */,
				2C47EA7E2526310D006A92C8 /* PostMessageViewController.swift */,
				2C47EA77252630DB006A92C8 /* ChatTableViewCell.swift */,
				2CB7FBCE252B01E40049AF75 /* ReportViewController.swift */,
				2C23585B25264BA400EE09B7 /* ControllViewController.swift */,
				2C0F147F252CAAAB006A5052 /* SigninViewController.swift */,
				2C47EA8125263128006A92C8 /* Post.swift */,
				2C1658F8252AB8BE0001D462 /* AppUser.swift */,
				2CD4F3362532052A00D886B2 /* TermsOfServiceViewController.swift */,
				2C47EA492526235B006A92C8 /* Main.storyboard */,
				2C47EA78252630DB006A92C8 /* ChatTableViewCell.xib */,
				2C47EA4E2526235C006A92C8 /* LaunchScreen.storyboard */,
				2C24323E252A07990096A437 /* Assets.xcassets */,
				2C47EA582526259D006A92C8 /* GoogleService-Info.plist */,
				2C47EA512526235C006A92C8 /* Info.plist */,
			);
			path = Yarakasi;
			sourceTree = "<group>";
		};
		CEEBE70EF8E21FEA7EF59B18 /* Pods */ = {
			isa = PBXGroup;
			children = (
				FAD3C2C46AB269423D51C0D6 /* Pods-Yarakasi.debug.xcconfig */,
				FF84EB096FFACEE89904DAE7 /* Pods-Yarakasi.release.xcconfig */,
			);
			path = Pods;
			sourceTree = "<group>";
		};
/* End PBXGroup section */

/* Begin PBXNativeTarget section */
		2C47EA3F2526235B006A92C8 /* Yarakasi */ = {
			isa = PBXNativeTarget;
			buildConfigurationList = 2C47EA542526235C006A92C8 /* Build configuration list for PBXNativeTarget "Yarakasi" */;
			buildPhases = (
				154C32FCBB2D84DF77CA9FB3 /* [CP] Check Pods Manifest.lock */,
				2C47EA3C2526235B006A92C8 /* Sources */,
				2C47EA3D2526235B006A92C8 /* Frameworks */,
				2C47EA3E2526235B006A92C8 /* Resources */,
				B7357F28B5110F861A957907 /* [CP] Embed Pods Frameworks */,
			);
			buildRules = (
			);
			dependencies = (
			);
			name = Yarakasi;
			productName = Yarakasi;
			productReference = 2C47EA402526235B006A92C8 /* Yarakasi.app */;
			productType = "com.apple.product-type.application";
		};
/* End PBXNativeTarget section */

/* Begin PBXProject section */
		2C47EA382526235B006A92C8 /* Project object */ = {
			isa = PBXProject;
			attributes = {
				LastSwiftUpdateCheck = 1200;
				LastUpgradeCheck = 1200;
				TargetAttributes = {
					2C47EA3F2526235B006A92C8 = {
						CreatedOnToolsVersion = 12.0.1;
					};
				};
			};
			buildConfigurationList = 2C47EA3B2526235B006A92C8 /* Build configuration list for PBXProject "Yarakasi" */;
			compatibilityVersion = "Xcode 9.3";
			developmentRegion = en;
			hasScannedForEncodings = 0;
			knownRegions = (
				en,
				Base,
			);
			mainGroup = 2C47EA372526235B006A92C8;
			productRefGroup = 2C47EA412526235B006A92C8 /* Products */;
			projectDirPath = "";
			projectRoot = "";
			targets = (
				2C47EA3F2526235B006A92C8 /* Yarakasi */,
			);
		};
/* End PBXProject section */

/* Begin PBXResourcesBuildPhase section */
		2C47EA3E2526235B006A92C8 /* Resources */ = {
			isa = PBXResourcesBuildPhase;
			buildActionMask = 2147483647;
			files = (
				2C47EA502526235C006A92C8 /* LaunchScreen.storyboard in Resources */,
				2C47EA592526259D006A92C8 /* GoogleService-Info.plist in Resources */,
				2C47EA7A252630DB006A92C8 /* ChatTableViewCell.xib in Resources */,
				2C47EA4B2526235B006A92C8 /* Main.storyboard in Resources */,
				2C24323F252A07990096A437 /* Assets.xcassets in Resources */,
			);
			runOnlyForDeploymentPostprocessing = 0;
		};
/* End PBXResourcesBuildPhase section */

/* Begin PBXShellScriptBuildPhase section */
		154C32FCBB2D84DF77CA9FB3 /* [CP] Check Pods Manifest.lock */ = {
			isa = PBXShellScriptBuildPhase;
			buildActionMask = 2147483647;
			files = (
			);
			inputFileListPaths = (
			);
			inputPaths = (
				"${PODS_PODFILE_DIR_PATH}/Podfile.lock",
				"${PODS_ROOT}/Manifest.lock",
			);
			name = "[CP] Check Pods Manifest.lock";
			outputFileListPaths = (
			);
			outputPaths = (
				"$(DERIVED_FILE_DIR)/Pods-Yarakasi-checkManifestLockResult.txt",
			);
			runOnlyForDeploymentPostprocessing = 0;
			shellPath = /bin/sh;
			shellScript = "diff \"${PODS_PODFILE_DIR_PATH}/Podfile.lock\" \"${PODS_ROOT}/Manifest.lock\" > /dev/null\nif [ $? != 0 ] ; then\n    # print error to STDERR\n    echo \"error: The sandbox is not in sync with the Podfile.lock. Run 'pod install' or update your CocoaPods installation.\" >&2\n    exit 1\nfi\n# This output is used by Xcode 'outputs' to avoid re-running this script phase.\necho \"SUCCESS\" > \"${SCRIPT_OUTPUT_FILE_0}\"\n";
			showEnvVarsInLog = 0;
		};
		B7357F28B5110F861A957907 /* [CP] Embed Pods Frameworks */ = {
			isa = PBXShellScriptBuildPhase;
			buildActionMask = 2147483647;
			files = (
			);
			inputFileListPaths = (
				"${PODS_ROOT}/Target Support Files/Pods-Yarakasi/Pods-Yarakasi-frameworks-${CONFIGURATION}-input-files.xcfilelist",
			);
			name = "[CP] Embed Pods Frameworks";
			outputFileListPaths = (
				"${PODS_ROOT}/Target Support Files/Pods-Yarakasi/Pods-Yarakasi-frameworks-${CONFIGURATION}-output-files.xcfilelist",
			);
			runOnlyForDeploymentPostprocessing = 0;
			shellPath = /bin/sh;
			shellScript = "\"${PODS_ROOT}/Target Support Files/Pods-Yarakasi/Pods-Yarakasi-frameworks.sh\"\n";
			showEnvVarsInLog = 0;
		};
/* End PBXShellScriptBuildPhase section */

/* Begin PBXSourcesBuildPhase section */
		2C47EA3C2526235B006A92C8 /* Sources */ = {
			isa = PBXSourcesBuildPhase;
			buildActionMask = 2147483647;
			files = (
				2CD4F3372532052A00D886B2 /* TermsOfServiceViewController.swift in Sources */,
				2C47EA482526235B006A92C8 /* ViewController.swift in Sources */,
				2C47EA442526235B006A92C8 /* AppDelegate.swift in Sources */,
				2C362FA125288BED00D6C09E /* ContainerViewController.swift in Sources */,
				2C1658F9252AB8BE0001D462 /* AppUser.swift in Sources */,
				2CB7FBCF252B01E40049AF75 /* ReportViewController.swift in Sources */,
				2C47EA79252630DB006A92C8 /* ChatTableViewCell.swift in Sources */,
				2C23585C25264BA400EE09B7 /* ControllViewController.swift in Sources */,
				2C47EA712526308E006A92C8 /* ChatViewController.swift in Sources */,
				2C0F1480252CAAAB006A5052 /* SigninViewController.swift in Sources */,
				2C47EA7F2526310D006A92C8 /* PostMessageViewController.swift in Sources */,
				2C47EA8225263128006A92C8 /* Post.swift in Sources */,
				2C47EA462526235B006A92C8 /* SceneDelegate.swift in Sources */,
			);
			runOnlyForDeploymentPostprocessing = 0;
		};
/* End PBXSourcesBuildPhase section */

/* Begin PBXVariantGroup section */
		2C47EA492526235B006A92C8 /* Main.storyboard */ = {
			isa = PBXVariantGroup;
			children = (
				2C47EA4A2526235B006A92C8 /* Base */,
			);
			name = Main.storyboard;
			sourceTree = "<group>";
		};
		2C47EA4E2526235C006A92C8 /* LaunchScreen.storyboard */ = {
			isa = PBXVariantGroup;
			children = (
				2C47EA4F2526235C006A92C8 /* Base */,
			);
			name = LaunchScreen.storyboard;
			sourceTree = "<group>";
		};
/* End PBXVariantGroup section */

/* Begin XCBuildConfiguration section */
		2C47EA522526235C006A92C8 /* Debug */ = {
			isa = XCBuildConfiguration;
			buildSettings = {
				ALWAYS_SEARCH_USER_PATHS = NO;
				CLANG_ANALYZER_NONNULL = YES;
				CLANG_ANALYZER_NUMBER_OBJECT_CONVERSION = YES_AGGRESSIVE;
				CLANG_CXX_LANGUAGE_STANDARD = "gnu++14";
				CLANG_CXX_LIBRARY = "libc++";
				CLANG_ENABLE_MODULES = YES;
				CLANG_ENABLE_OBJC_ARC = YES;
				CLANG_ENABLE_OBJC_WEAK = YES;
				CLANG_WARN_BLOCK_CAPTURE_AUTORELEASING = YES;
				CLANG_WARN_BOOL_CONVERSION = YES;
				CLANG_WARN_COMMA = YES;
				CLANG_WARN_CONSTANT_CONVERSION = YES;
				CLANG_WARN_DEPRECATED_OBJC_IMPLEMENTATIONS = YES;
				CLANG_WARN_DIRECT_OBJC_ISA_USAGE = YES_ERROR;
				CLANG_WARN_DOCUMENTATION_COMMENTS = YES;
				CLANG_WARN_EMPTY_BODY = YES;
				CLANG_WARN_ENUM_CONVERSION = YES;
				CLANG_WARN_INFINITE_RECURSION = YES;
				CLANG_WARN_INT_CONVERSION = YES;
				CLANG_WARN_NON_LITERAL_NULL_CONVERSION = YES;
				CLANG_WARN_OBJC_IMPLICIT_RETAIN_SELF = YES;
				CLANG_WARN_OBJC_LITERAL_CONVERSION = YES;
				CLANG_WARN_OBJC_ROOT_CLASS = YES_ERROR;
				CLANG_WARN_QUOTED_INCLUDE_IN_FRAMEWORK_HEADER = YES;
				CLANG_WARN_RANGE_LOOP_ANALYSIS = YES;
				CLANG_WARN_STRICT_PROTOTYPES = YES;
				CLANG_WARN_SUSPICIOUS_MOVE = YES;
				CLANG_WARN_UNGUARDED_AVAILABILITY = YES_AGGRESSIVE;
				CLANG_WARN_UNREACHABLE_CODE = YES;
				CLANG_WARN__DUPLICATE_METHOD_MATCH = YES;
				COPY_PHASE_STRIP = NO;
				DEBUG_INFORMATION_FORMAT = dwarf;
				ENABLE_STRICT_OBJC_MSGSEND = YES;
				ENABLE_TESTABILITY = YES;
				GCC_C_LANGUAGE_STANDARD = gnu11;
				GCC_DYNAMIC_NO_PIC = NO;
				GCC_NO_COMMON_BLOCKS = YES;
				GCC_OPTIMIZATION_LEVEL = 0;
				GCC_PREPROCESSOR_DEFINITIONS = (
					"DEBUG=1",
					"$(inherited)",
				);
				GCC_WARN_64_TO_32_BIT_CONVERSION = YES;
				GCC_WARN_ABOUT_RETURN_TYPE = YES_ERROR;
				GCC_WARN_UNDECLARED_SELECTOR = YES;
				GCC_WARN_UNINITIALIZED_AUTOS = YES_AGGRESSIVE;
				GCC_WARN_UNUSED_FUNCTION = YES;
				GCC_WARN_UNUSED_VARIABLE = YES;
				IPHONEOS_DEPLOYMENT_TARGET = 14.0;
				MTL_ENABLE_DEBUG_INFO = INCLUDE_SOURCE;
				MTL_FAST_MATH = YES;
				ONLY_ACTIVE_ARCH = YES;
				SDKROOT = iphoneos;
				SWIFT_ACTIVE_COMPILATION_CONDITIONS = DEBUG;
				SWIFT_OPTIMIZATION_LEVEL = "-Onone";
			};
			name = Debug;
		};
		2C47EA532526235C006A92C8 /* Release */ = {
			isa = XCBuildConfiguration;
			buildSettings = {
				ALWAYS_SEARCH_USER_PATHS = NO;
				CLANG_ANALYZER_NONNULL = YES;
				CLANG_ANALYZER_NUMBER_OBJECT_CONVERSION = YES_AGGRESSIVE;
				CLANG_CXX_LANGUAGE_STANDARD = "gnu++14";
				CLANG_CXX_LIBRARY = "libc++";
				CLANG_ENABLE_MODULES = YES;
				CLANG_ENABLE_OBJC_ARC = YES;
				CLANG_ENABLE_OBJC_WEAK = YES;
				CLANG_WARN_BLOCK_CAPTURE_AUTORELEASING = YES;
				CLANG_WARN_BOOL_CONVERSION = YES;
				CLANG_WARN_COMMA = YES;
				CLANG_WARN_CONSTANT_CONVERSION = YES;
				CLANG_WARN_DEPRECATED_OBJC_IMPLEMENTATIONS = YES;
				CLANG_WARN_DIRECT_OBJC_ISA_USAGE = YES_ERROR;
				CLANG_WARN_DOCUMENTATION_COMMENTS = YES;
				CLANG_WARN_EMPTY_BODY = YES;
				CLANG_WARN_ENUM_CONVERSION = YES;
				CLANG_WARN_INFINITE_RECURSION = YES;
				CLANG_WARN_INT_CONVERSION = YES;
				CLANG_WARN_NON_LITERAL_NULL_CONVERSION = YES;
				CLANG_WARN_OBJC_IMPLICIT_RETAIN_SELF = YES;
				CLANG_WARN_OBJC_LITERAL_CONVERSION = YES;
				CLANG_WARN_OBJC_ROOT_CLASS = YES_ERROR;
				CLANG_WARN_QUOTED_INCLUDE_IN_FRAMEWORK_HEADER = YES;
				CLANG_WARN_RANGE_LOOP_ANALYSIS = YES;
				CLANG_WARN_STRICT_PROTOTYPES = YES;
				CLANG_WARN_SUSPICIOUS_MOVE = YES;
				CLANG_WARN_UNGUARDED_AVAILABILITY = YES_AGGRESSIVE;
				CLANG_WARN_UNREACHABLE_CODE = YES;
				CLANG_WARN__DUPLICATE_METHOD_MATCH = YES;
				COPY_PHASE_STRIP = NO;
				DEBUG_INFORMATION_FORMAT = "dwarf-with-dsym";
				ENABLE_NS_ASSERTIONS = NO;
				ENABLE_STRICT_OBJC_MSGSEND = YES;
				GCC_C_LANGUAGE_STANDARD = gnu11;
				GCC_NO_COMMON_BLOCKS = YES;
				GCC_WARN_64_TO_32_BIT_CONVERSION = YES;
				GCC_WARN_ABOUT_RETURN_TYPE = YES_ERROR;
				GCC_WARN_UNDECLARED_SELECTOR = YES;
				GCC_WARN_UNINITIALIZED_AUTOS = YES_AGGRESSIVE;
				GCC_WARN_UNUSED_FUNCTION = YES;
				GCC_WARN_UNUSED_VARIABLE = YES;
				IPHONEOS_DEPLOYMENT_TARGET = 14.0;
				MTL_ENABLE_DEBUG_INFO = NO;
				MTL_FAST_MATH = YES;
				SDKROOT = iphoneos;
				SWIFT_COMPILATION_MODE = wholemodule;
				SWIFT_OPTIMIZATION_LEVEL = "-O";
				VALIDATE_PRODUCT = YES;
			};
			name = Release;
		};
		2C47EA552526235C006A92C8 /* Debug */ = {
			isa = XCBuildConfiguration;
			baseConfigurationReference = FAD3C2C46AB269423D51C0D6 /* Pods-Yarakasi.debug.xcconfig */;
			buildSettings = {
				ASSETCATALOG_COMPILER_APPICON_NAME = AppIcon;
				ASSETCATALOG_COMPILER_GLOBAL_ACCENT_COLOR_NAME = AccentColor;
				CODE_SIGN_IDENTITY = "iPhone Distribution";
				CODE_SIGN_STYLE = Manual;
				CURRENT_PROJECT_VERSION = 1.0.0.1;
				DEVELOPMENT_TEAM = 2K446D59RQ;
				INFOPLIST_FILE = Yarakasi/Info.plist;
				LD_RUNPATH_SEARCH_PATHS = (
					"$(inherited)",
					"@executable_path/Frameworks",
				);
				MARKETING_VERSION = 1.0.0;
				PRODUCT_BUNDLE_IDENTIFIER = jp.co.lifeistech.YarakasiSNS;
				PRODUCT_NAME = "$(TARGET_NAME)";
				PROVISIONING_PROFILE_SPECIFIER = "L4S8-SuishoMorohoshi-Distribution";
				SWIFT_VERSION = 5.0;
				TARGETED_DEVICE_FAMILY = 1;
			};
			name = Debug;
		};
		2C47EA562526235C006A92C8 /* Release */ = {
			isa = XCBuildConfiguration;
			baseConfigurationReference = FF84EB096FFACEE89904DAE7 /* Pods-Yarakasi.release.xcconfig */;
			buildSettings = {
				ASSETCATALOG_COMPILER_APPICON_NAME = AppIcon;
				ASSETCATALOG_COMPILER_GLOBAL_ACCENT_COLOR_NAME = AccentColor;
				CODE_SIGN_IDENTITY = "iPhone Distribution";
				CODE_SIGN_STYLE = Manual;
				CURRENT_PROJECT_VERSION = 1.0.0.1;
				DEVELOPMENT_TEAM = 2K446D59RQ;
				INFOPLIST_FILE = Yarakasi/Info.plist;
				LD_RUNPATH_SEARCH_PATHS = (
					"$(inherited)",
					"@executable_path/Frameworks",
				);
				MARKETING_VERSION = 1.0.0;
				PRODUCT_BUNDLE_IDENTIFIER = jp.co.lifeistech.YarakasiSNS;
				PRODUCT_NAME = "$(TARGET_NAME)";
				PROVISIONING_PROFILE_SPECIFIER = "L4S8-SuishoMorohoshi-Distribution";
				SWIFT_VERSION = 5.0;
				TARGETED_DEVICE_FAMILY = 1;
			};
			name = Release;
		};
/* End XCBuildConfiguration section */

/* Begin XCConfigurationList section */
		2C47EA3B2526235B006A92C8 /* Build configuration list for PBXProject "Yarakasi" */ = {
			isa = XCConfigurationList;
			buildConfigurations = (
				2C47EA522526235C006A92C8 /* Debug */,
				2C47EA532526235C006A92C8 /* Release */,
			);
			defaultConfigurationIsVisible = 0;
			defaultConfigurationName = Release;
		};
		2C47EA542526235C006A92C8 /* Build configuration list for PBXNativeTarget "Yarakasi" */ = {
			isa = XCConfigurationList;
			buildConfigurations = (
				2C47EA552526235C006A92C8 /* Debug */,
				2C47EA562526235C006A92C8 /* Release */,
			);
			defaultConfigurationIsVisible = 0;
			defaultConfigurationName = Release;
		};
/* End XCConfigurationList section */
	};
	rootObject = 2C47EA382526235B006A92C8 /* Project object */;
}
